
Microsoft Visual Studio Solution File, Format Version 12.00
Project("{FAE04EC0-301F-11D3-BF4B-00C04F79EFBC}") = "pdouelle.Helpers.Encoding", "pdouelle.Helpers.Encoding\pdouelle.Helpers.Encoding.csproj", "{DFDDC66E-9539-4768-89C5-3DC1CF096537}"
EndProject
Global
	GlobalSection(SolutionConfigurationPlatforms) = preSolution
		Debug|Any CPU = Debug|Any CPU
		Release|Any CPU = Release|Any CPU
	EndGlobalSection
	GlobalSection(ProjectConfigurationPlatforms) = postSolution
		{DFDDC66E-9539-4768-89C5-3DC1CF096537}.Debug|Any CPU.ActiveCfg = Debug|Any CPU
		{DFDDC66E-9539-4768-89C5-3DC1CF096537}.Debug|Any CPU.Build.0 = Debug|Any CPU
		{DFDDC66E-9539-4768-89C5-3DC1CF096537}.Release|Any CPU.ActiveCfg = Release|Any CPU
		{DFDDC66E-9539-4768-89C5-3DC1CF096537}.Release|Any CPU.Build.0 = Release|Any CPU
	EndGlobalSection
EndGlobal
